{
	"name": "optimus",
	"version": "1.0.0",
	"lockfileVersion": 2,
	"requires": true,
	"packages": {
		"": {
			"name": "optimus",
			"version": "1.0.0",
			"license": "ISC",
			"dependencies": {
				"web-vitals": "^2.1.3"
			}
		},
		"node_modules/web-vitals": {
			"version": "2.1.3",
			"resolved": "https://registry.npmjs.org/web-vitals/-/web-vitals-2.1.3.tgz",
			"integrity": "sha512-+ijpniAzcnQicXaXIN0/eHQAiV/jMt1oHGHTmz7VdAJPPkzzDhmoYPSpLgJTuFtUh+jCjxCoeTZPg7Ic+g8o7w=="
		}
	},
	"dependencies": {
		"web-vitals": {
			"version": "2.1.3",
			"resolved": "https://registry.npmjs.org/web-vitals/-/web-vitals-2.1.3.tgz",
			"integrity": "sha512-+ijpniAzcnQicXaXIN0/eHQAiV/jMt1oHGHTmz7VdAJPPkzzDhmoYPSpLgJTuFtUh+jCjxCoeTZPg7Ic+g8o7w=="
		}
	}
}
